
Microsoft Visual Studio Solution File, Format Version 12.00
# Visual Studio Version 17
VisualStudioVersion = 17.9.34728.123
MinimumVisualStudioVersion = 10.0.40219.1
Project("{9A19103F-16F7-4668-BE54-9A1E7A4F7556}") = "BloodDonation", "BloodDonation.csproj", "{B2C94399-2FC8-4A7D-9C82-BB4EEFCBB495}"
EndProject
Global
	GlobalSection(SolutionConfigurationPlatforms) = preSolution
		Debug|Any CPU = Debug|Any CPU
		Release|Any CPU = Release|Any CPU
	EndGlobalSection
	GlobalSection(ProjectConfigurationPlatforms) = postSolution
		{B2C94399-2FC8-4A7D-9C82-BB4EEFCBB495}.Debug|Any CPU.ActiveCfg = Debug|Any CPU
		{B2C94399-2FC8-4A7D-9C82-BB4EEFCBB495}.Debug|Any CPU.Build.0 = Debug|Any CPU
		{B2C94399-2FC8-4A7D-9C82-BB4EEFCBB495}.Release|Any CPU.ActiveCfg = Release|Any CPU
		{B2C94399-2FC8-4A7D-9C82-BB4EEFCBB495}.Release|Any CPU.Build.0 = Release|Any CPU
	EndGlobalSection
	GlobalSection(SolutionProperties) = preSolution
		HideSolutionNode = FALSE
	EndGlobalSection
	GlobalSection(ExtensibilityGlobals) = postSolution
		SolutionGuid = {791287A4-C2F1-4EA0-AAAC-384BD0E0EA41}
	EndGlobalSection
EndGlobal
